
Microsoft Visual Studio Solution File, Format Version 12.00
# Visual Studio 14
VisualStudioVersion = 14.0.25420.1
MinimumVisualStudioVersion = 10.0.40219.1
Project("{FAE04EC0-301F-11D3-BF4B-00C04F79EFBC}") = "RentingHouse", "RentingHouse\RentingHouse.csproj", "{650671AB-DFD2-4265-B58C-F0B2CBEDF2EE}"
EndProject
Project("{FAE04EC0-301F-11D3-BF4B-00C04F79EFBC}") = "MainApp", "MainApp\MainApp.csproj", "{BF8E882A-3DBE-4933-A110-E997AB5FDE8B}"
EndProject
Global
	GlobalSection(SolutionConfigurationPlatforms) = preSolution
		Debug|Any CPU = Debug|Any CPU
		Release|Any CPU = Release|Any CPU
	EndGlobalSection
	GlobalSection(ProjectConfigurationPlatforms) = postSolution
		{650671AB-DFD2-4265-B58C-F0B2CBEDF2EE}.Debug|Any CPU.ActiveCfg = Debug|Any CPU
		{650671AB-DFD2-4265-B58C-F0B2CBEDF2EE}.Debug|Any CPU.Build.0 = Debug|Any CPU
		{650671AB-DFD2-4265-B58C-F0B2CBEDF2EE}.Release|Any CPU.ActiveCfg = Release|Any CPU
		{650671AB-DFD2-4265-B58C-F0B2CBEDF2EE}.Release|Any CPU.Build.0 = Release|Any CPU
		{BF8E882A-3DBE-4933-A110-E997AB5FDE8B}.Debug|Any CPU.ActiveCfg = Debug|Any CPU
		{BF8E882A-3DBE-4933-A110-E997AB5FDE8B}.Debug|Any CPU.Build.0 = Debug|Any CPU
		{BF8E882A-3DBE-4933-A110-E997AB5FDE8B}.Release|Any CPU.ActiveCfg = Release|Any CPU
		{BF8E882A-3DBE-4933-A110-E997AB5FDE8B}.Release|Any CPU.Build.0 = Release|Any CPU
	EndGlobalSection
	GlobalSection(SolutionProperties) = preSolution
		HideSolutionNode = FALSE
	EndGlobalSection
EndGlobal
